
Microsoft Visual Studio Solution File, Format Version 12.00
# Visual Studio Version 16
VisualStudioVersion = 16.0.31025.194
MinimumVisualStudioVersion = 10.0.40219.1
Project("{9A19103F-16F7-4668-BE54-9A1E7A4F7556}") = "KampIntro", "KampIntro\KampIntro.csproj", "{ED2C6E70-4C37-48D1-95FE-CA6A57E36135}"
EndProject
Project("{9A19103F-16F7-4668-BE54-9A1E7A4F7556}") = "Loops", "Loops\Loops.csproj", "{7DC653E9-F496-4581-96E6-339D7A31FD70}"
EndProject
Project("{9A19103F-16F7-4668-BE54-9A1E7A4F7556}") = "ClassIntro", "ClassIntro\ClassIntro.csproj", "{7275BB3D-967F-4B37-8461-AF588BDCC333}"
EndProject
Project("{9A19103F-16F7-4668-BE54-9A1E7A4F7556}") = "Methods", "Methods\Methods.csproj", "{D0CC26CF-7C11-4788-B469-9C0F7C2BEF82}"
EndProject
Project("{FAE04EC0-301F-11D3-BF4B-00C04F79EFBC}") = "ValueAndReferenceTypes", "ValueAndReferenceTypes\ValueAndReferenceTypes.csproj", "{6EDEC713-9B64-48B6-860D-228423C09C28}"
EndProject
Global
	GlobalSection(SolutionConfigurationPlatforms) = preSolution
		Debug|Any CPU = Debug|Any CPU
		Release|Any CPU = Release|Any CPU
	EndGlobalSection
	GlobalSection(ProjectConfigurationPlatforms) = postSolution
		{ED2C6E70-4C37-48D1-95FE-CA6A57E36135}.Debug|Any CPU.ActiveCfg = Debug|Any CPU
		{ED2C6E70-4C37-48D1-95FE-CA6A57E36135}.Debug|Any CPU.Build.0 = Debug|Any CPU
		{ED2C6E70-4C37-48D1-95FE-CA6A57E36135}.Release|Any CPU.ActiveCfg = Release|Any CPU
		{ED2C6E70-4C37-48D1-95FE-CA6A57E36135}.Release|Any CPU.Build.0 = Release|Any CPU
		{7DC653E9-F496-4581-96E6-339D7A31FD70}.Debug|Any CPU.ActiveCfg = Debug|Any CPU
		{7DC653E9-F496-4581-96E6-339D7A31FD70}.Debug|Any CPU.Build.0 = Debug|Any CPU
		{7DC653E9-F496-4581-96E6-339D7A31FD70}.Release|Any CPU.ActiveCfg = Release|Any CPU
		{7DC653E9-F496-4581-96E6-339D7A31FD70}.Release|Any CPU.Build.0 = Release|Any CPU
		{7275BB3D-967F-4B37-8461-AF588BDCC333}.Debug|Any CPU.ActiveCfg = Debug|Any CPU
		{7275BB3D-967F-4B37-8461-AF588BDCC333}.Debug|Any CPU.Build.0 = Debug|Any CPU
		{7275BB3D-967F-4B37-8461-AF588BDCC333}.Release|Any CPU.ActiveCfg = Release|Any CPU
		{7275BB3D-967F-4B37-8461-AF588BDCC333}.Release|Any CPU.Build.0 = Release|Any CPU
		{D0CC26CF-7C11-4788-B469-9C0F7C2BEF82}.Debug|Any CPU.ActiveCfg = Debug|Any CPU
		{D0CC26CF-7C11-4788-B469-9C0F7C2BEF82}.Debug|Any CPU.Build.0 = Debug|Any CPU
		{D0CC26CF-7C11-4788-B469-9C0F7C2BEF82}.Release|Any CPU.ActiveCfg = Release|Any CPU
		{D0CC26CF-7C11-4788-B469-9C0F7C2BEF82}.Release|Any CPU.Build.0 = Release|Any CPU
		{6EDEC713-9B64-48B6-860D-228423C09C28}.Debug|Any CPU.ActiveCfg = Debug|Any CPU
		{6EDEC713-9B64-48B6-860D-228423C09C28}.Debug|Any CPU.Build.0 = Debug|Any CPU
		{6EDEC713-9B64-48B6-860D-228423C09C28}.Release|Any CPU.ActiveCfg = Release|Any CPU
		{6EDEC713-9B64-48B6-860D-228423C09C28}.Release|Any CPU.Build.0 = Release|Any CPU
	EndGlobalSection
	GlobalSection(SolutionProperties) = preSolution
		HideSolutionNode = FALSE
	EndGlobalSection
	GlobalSection(ExtensibilityGlobals) = postSolution
		SolutionGuid = {A9A1A9E3-BB59-4251-94B0-7BAA7B5B300F}
	EndGlobalSection
EndGlobal
