
Microsoft Visual Studio Solution File, Format Version 12.00
# Visual Studio Version 16
VisualStudioVersion = 16.0.31025.194
MinimumVisualStudioVersion = 10.0.40219.1
Project("{9A19103F-16F7-4668-BE54-9A1E7A4F7556}") = "KampIntro", "KampIntro\KampIntro.csproj", "{ED2C6E70-4C37-48D1-95FE-CA6A57E36135}"
EndProject
Project("{9A19103F-16F7-4668-BE54-9A1E7A4F7556}") = "Loops", "Loops\Loops.csproj", "{7DC653E9-F496-4581-96E6-339D7A31FD70}"
EndProject
Project("{9A19103F-16F7-4668-BE54-9A1E7A4F7556}") = "ClassIntro", "ClassIntro\ClassIntro.csproj", "{7275BB3D-967F-4B37-8461-AF588BDCC333}"
EndProject
Project("{9A19103F-16F7-4668-BE54-9A1E7A4F7556}") = "Methods", "Methods\Methods.csproj", "{D0CC26CF-7C11-4788-B469-9C0F7C2BEF82}"
EndProject
Project("{9A19103F-16F7-4668-BE54-9A1E7A4F7556}") = "ValueAndReferenceTypes", "ValueAndReferenceTypes\ValueAndReferenceTypes.csproj", "{6EDEC713-9B64-48B6-860D-228423C09C28}"
EndProject
Project("{9A19103F-16F7-4668-BE54-9A1E7A4F7556}") = "ClassMetotDemo", "ClassMetotDemo\ClassMetotDemo.csproj", "{C9A7B568-6875-4145-A1AE-245E38EF3EB0}"
EndProject
Project("{9A19103F-16F7-4668-BE54-9A1E7A4F7556}") = "OOP1", "OOP1\OOP1.csproj", "{892CF1AA-2142-4702-8BE4-F30320B8D40D}"
EndProject
Project("{9A19103F-16F7-4668-BE54-9A1E7A4F7556}") = "Collections", "Collections\Collections.csproj", "{08368B45-FDA2-4474-8573-E37AFA8CAF94}"
EndProject
Project("{9A19103F-16F7-4668-BE54-9A1E7A4F7556}") = "GenericsIntro", "GenericsIntro\GenericsIntro.csproj", "{3181B7E6-41BA-4D70-845A-932B2BA3B4DA}"
EndProject
Project("{9A19103F-16F7-4668-BE54-9A1E7A4F7556}") = "OOP2", "OOP2\OOP2.csproj", "{091181EE-D7D0-456F-9E19-5CA90F399B3F}"
EndProject
Project("{FAE04EC0-301F-11D3-BF4B-00C04F79EFBC}") = "OOP3", "OOP3\OOP3.csproj", "{643215D5-552D-4E26-A328-E6263A32E028}"
EndProject
Global
	GlobalSection(SolutionConfigurationPlatforms) = preSolution
		Debug|Any CPU = Debug|Any CPU
		Release|Any CPU = Release|Any CPU
	EndGlobalSection
	GlobalSection(ProjectConfigurationPlatforms) = postSolution
		{ED2C6E70-4C37-48D1-95FE-CA6A57E36135}.Debug|Any CPU.ActiveCfg = Debug|Any CPU
		{ED2C6E70-4C37-48D1-95FE-CA6A57E36135}.Debug|Any CPU.Build.0 = Debug|Any CPU
		{ED2C6E70-4C37-48D1-95FE-CA6A57E36135}.Release|Any CPU.ActiveCfg = Release|Any CPU
		{ED2C6E70-4C37-48D1-95FE-CA6A57E36135}.Release|Any CPU.Build.0 = Release|Any CPU
		{7DC653E9-F496-4581-96E6-339D7A31FD70}.Debug|Any CPU.ActiveCfg = Debug|Any CPU
		{7DC653E9-F496-4581-96E6-339D7A31FD70}.Debug|Any CPU.Build.0 = Debug|Any CPU
		{7DC653E9-F496-4581-96E6-339D7A31FD70}.Release|Any CPU.ActiveCfg = Release|Any CPU
		{7DC653E9-F496-4581-96E6-339D7A31FD70}.Release|Any CPU.Build.0 = Release|Any CPU
		{7275BB3D-967F-4B37-8461-AF588BDCC333}.Debug|Any CPU.ActiveCfg = Debug|Any CPU
		{7275BB3D-967F-4B37-8461-AF588BDCC333}.Debug|Any CPU.Build.0 = Debug|Any CPU
		{7275BB3D-967F-4B37-8461-AF588BDCC333}.Release|Any CPU.ActiveCfg = Release|Any CPU
		{7275BB3D-967F-4B37-8461-AF588BDCC333}.Release|Any CPU.Build.0 = Release|Any CPU
		{D0CC26CF-7C11-4788-B469-9C0F7C2BEF82}.Debug|Any CPU.ActiveCfg = Debug|Any CPU
		{D0CC26CF-7C11-4788-B469-9C0F7C2BEF82}.Debug|Any CPU.Build.0 = Debug|Any CPU
		{D0CC26CF-7C11-4788-B469-9C0F7C2BEF82}.Release|Any CPU.ActiveCfg = Release|Any CPU
		{D0CC26CF-7C11-4788-B469-9C0F7C2BEF82}.Release|Any CPU.Build.0 = Release|Any CPU
		{6EDEC713-9B64-48B6-860D-228423C09C28}.Debug|Any CPU.ActiveCfg = Debug|Any CPU
		{6EDEC713-9B64-48B6-860D-228423C09C28}.Debug|Any CPU.Build.0 = Debug|Any CPU
		{6EDEC713-9B64-48B6-860D-228423C09C28}.Release|Any CPU.ActiveCfg = Release|Any CPU
		{6EDEC713-9B64-48B6-860D-228423C09C28}.Release|Any CPU.Build.0 = Release|Any CPU
		{C9A7B568-6875-4145-A1AE-245E38EF3EB0}.Debug|Any CPU.ActiveCfg = Debug|Any CPU
		{C9A7B568-6875-4145-A1AE-245E38EF3EB0}.Debug|Any CPU.Build.0 = Debug|Any CPU
		{C9A7B568-6875-4145-A1AE-245E38EF3EB0}.Release|Any CPU.ActiveCfg = Release|Any CPU
		{C9A7B568-6875-4145-A1AE-245E38EF3EB0}.Release|Any CPU.Build.0 = Release|Any CPU
		{892CF1AA-2142-4702-8BE4-F30320B8D40D}.Debug|Any CPU.ActiveCfg = Debug|Any CPU
		{892CF1AA-2142-4702-8BE4-F30320B8D40D}.Debug|Any CPU.Build.0 = Debug|Any CPU
		{892CF1AA-2142-4702-8BE4-F30320B8D40D}.Release|Any CPU.ActiveCfg = Release|Any CPU
		{892CF1AA-2142-4702-8BE4-F30320B8D40D}.Release|Any CPU.Build.0 = Release|Any CPU
		{08368B45-FDA2-4474-8573-E37AFA8CAF94}.Debug|Any CPU.ActiveCfg = Debug|Any CPU
		{08368B45-FDA2-4474-8573-E37AFA8CAF94}.Debug|Any CPU.Build.0 = Debug|Any CPU
		{08368B45-FDA2-4474-8573-E37AFA8CAF94}.Release|Any CPU.ActiveCfg = Release|Any CPU
		{08368B45-FDA2-4474-8573-E37AFA8CAF94}.Release|Any CPU.Build.0 = Release|Any CPU
		{3181B7E6-41BA-4D70-845A-932B2BA3B4DA}.Debug|Any CPU.ActiveCfg = Debug|Any CPU
		{3181B7E6-41BA-4D70-845A-932B2BA3B4DA}.Debug|Any CPU.Build.0 = Debug|Any CPU
		{3181B7E6-41BA-4D70-845A-932B2BA3B4DA}.Release|Any CPU.ActiveCfg = Release|Any CPU
		{3181B7E6-41BA-4D70-845A-932B2BA3B4DA}.Release|Any CPU.Build.0 = Release|Any CPU
		{091181EE-D7D0-456F-9E19-5CA90F399B3F}.Debug|Any CPU.ActiveCfg = Debug|Any CPU
		{091181EE-D7D0-456F-9E19-5CA90F399B3F}.Debug|Any CPU.Build.0 = Debug|Any CPU
		{091181EE-D7D0-456F-9E19-5CA90F399B3F}.Release|Any CPU.ActiveCfg = Release|Any CPU
		{091181EE-D7D0-456F-9E19-5CA90F399B3F}.Release|Any CPU.Build.0 = Release|Any CPU
		{643215D5-552D-4E26-A328-E6263A32E028}.Debug|Any CPU.ActiveCfg = Debug|Any CPU
		{643215D5-552D-4E26-A328-E6263A32E028}.Debug|Any CPU.Build.0 = Debug|Any CPU
		{643215D5-552D-4E26-A328-E6263A32E028}.Release|Any CPU.ActiveCfg = Release|Any CPU
		{643215D5-552D-4E26-A328-E6263A32E028}.Release|Any CPU.Build.0 = Release|Any CPU
	EndGlobalSection
	GlobalSection(SolutionProperties) = preSolution
		HideSolutionNode = FALSE
	EndGlobalSection
	GlobalSection(ExtensibilityGlobals) = postSolution
		SolutionGuid = {A9A1A9E3-BB59-4251-94B0-7BAA7B5B300F}
	EndGlobalSection
EndGlobal
